
Microsoft Visual Studio Solution File, Format Version 12.00
# Visual Studio Version 17
VisualStudioVersion = 17.1.32414.318
MinimumVisualStudioVersion = 10.0.40219.1
Project("{FAE04EC0-301F-11D3-BF4B-00C04F79EFBC}") = "AnimalLibrary", "AnimalLibrary\AnimalLibrary.csproj", "{B69549EC-E22C-4EFE-8AA4-E53F10768053}"
EndProject
Global
	GlobalSection(SolutionConfigurationPlatforms) = preSolution
		Debug|Any CPU = Debug|Any CPU
		Release|Any CPU = Release|Any CPU
	EndGlobalSection
	GlobalSection(ProjectConfigurationPlatforms) = postSolution
		{B69549EC-E22C-4EFE-8AA4-E53F10768053}.Debug|Any CPU.ActiveCfg = Debug|Any CPU
		{B69549EC-E22C-4EFE-8AA4-E53F10768053}.Debug|Any CPU.Build.0 = Debug|Any CPU
		{B69549EC-E22C-4EFE-8AA4-E53F10768053}.Release|Any CPU.ActiveCfg = Release|Any CPU
		{B69549EC-E22C-4EFE-8AA4-E53F10768053}.Release|Any CPU.Build.0 = Release|Any CPU
	EndGlobalSection
	GlobalSection(SolutionProperties) = preSolution
		HideSolutionNode = FALSE
	EndGlobalSection
	GlobalSection(ExtensibilityGlobals) = postSolution
		SolutionGuid = {62C12002-9F90-4A12-B5F1-C1EDF435929D}
	EndGlobalSection
EndGlobal
